
Microsoft Visual Studio Solution File, Format Version 12.00
# Visual Studio Version 17
VisualStudioVersion = 17.0.31919.166
MinimumVisualStudioVersion = 10.0.40219.1
Project("{9A19103F-16F7-4668-BE54-9A1E7A4F7556}") = "WebApplication1", "WebApplication1\WebApplication1.csproj", "{D1FD8D6E-E8B5-4F3B-BFB8-DD82CAECEECC}"
EndProject
Project("{FAE04EC0-301F-11D3-BF4B-00C04F79EFBC}") = "JokesRESTv6", "JokesRESTv6\JokesRESTv6.csproj", "{949AD7D9-D777-49C8-88AA-2185E8324067}"
EndProject
Global
	GlobalSection(SolutionConfigurationPlatforms) = preSolution
		Debug|Any CPU = Debug|Any CPU
		Release|Any CPU = Release|Any CPU
	EndGlobalSection
	GlobalSection(ProjectConfigurationPlatforms) = postSolution
		{D1FD8D6E-E8B5-4F3B-BFB8-DD82CAECEECC}.Debug|Any CPU.ActiveCfg = Debug|Any CPU
		{D1FD8D6E-E8B5-4F3B-BFB8-DD82CAECEECC}.Debug|Any CPU.Build.0 = Debug|Any CPU
		{D1FD8D6E-E8B5-4F3B-BFB8-DD82CAECEECC}.Release|Any CPU.ActiveCfg = Release|Any CPU
		{D1FD8D6E-E8B5-4F3B-BFB8-DD82CAECEECC}.Release|Any CPU.Build.0 = Release|Any CPU
		{949AD7D9-D777-49C8-88AA-2185E8324067}.Debug|Any CPU.ActiveCfg = Debug|Any CPU
		{949AD7D9-D777-49C8-88AA-2185E8324067}.Debug|Any CPU.Build.0 = Debug|Any CPU
		{949AD7D9-D777-49C8-88AA-2185E8324067}.Release|Any CPU.ActiveCfg = Release|Any CPU
		{949AD7D9-D777-49C8-88AA-2185E8324067}.Release|Any CPU.Build.0 = Release|Any CPU
	EndGlobalSection
	GlobalSection(SolutionProperties) = preSolution
		HideSolutionNode = FALSE
	EndGlobalSection
	GlobalSection(ExtensibilityGlobals) = postSolution
		SolutionGuid = {A7EC73CE-7752-4B99-A07C-605421F796DD}
	EndGlobalSection
EndGlobal
